
Microsoft Visual Studio Solution File, Format Version 12.00
# Visual Studio Version 17
VisualStudioVersion = 17.0.31912.275
MinimumVisualStudioVersion = 10.0.40219.1
Project("{FAE04EC0-301F-11D3-BF4B-00C04F79EFBC}") = "AIDELInformationManagementSystem", "AIDELInformationManagementSystem\AIDELInformationManagementSystem.csproj", "{559618D7-704E-4DD8-923C-5C401CE83CFF}"
EndProject
Global
	GlobalSection(SolutionConfigurationPlatforms) = preSolution
		Debug|Any CPU = Debug|Any CPU
		Release|Any CPU = Release|Any CPU
	EndGlobalSection
	GlobalSection(ProjectConfigurationPlatforms) = postSolution
		{559618D7-704E-4DD8-923C-5C401CE83CFF}.Debug|Any CPU.ActiveCfg = Debug|Any CPU
		{559618D7-704E-4DD8-923C-5C401CE83CFF}.Debug|Any CPU.Build.0 = Debug|Any CPU
		{559618D7-704E-4DD8-923C-5C401CE83CFF}.Release|Any CPU.ActiveCfg = Release|Any CPU
		{559618D7-704E-4DD8-923C-5C401CE83CFF}.Release|Any CPU.Build.0 = Release|Any CPU
	EndGlobalSection
	GlobalSection(SolutionProperties) = preSolution
		HideSolutionNode = FALSE
	EndGlobalSection
	GlobalSection(ExtensibilityGlobals) = postSolution
		SolutionGuid = {EC80E7F1-405A-49B6-A13F-98A76C246676}
	EndGlobalSection
EndGlobal
